{
    "_readme": [
        "This file locks the dependencies of your project to a known state",
        "Read more about it at https://getcomposer.org/doc/01-basic-usage.md#composer-lock-the-lock-file",
        "This file is @generated automatically"
    ],
    "content-hash": "69280b6f3e1119e1fe5db213e41cab44",
    "packages": [
        {
            "name": "composer/installers",
            "version": "v1.2.0",
            "source": {
                "type": "git",
                "url": "https://github.com/composer/installers.git",
                "reference": "d78064c68299743e0161004f2de3a0204e33b804"
            },
            "dist": {
                "type": "zip",
                "url": "https://api.github.com/repos/composer/installers/zipball/d78064c68299743e0161004f2de3a0204e33b804",
                "reference": "d78064c68299743e0161004f2de3a0204e33b804",
                "shasum": ""
            },
            "require": {
                "composer-plugin-api": "^1.0"
            },
            "replace": {
                "roundcube/plugin-installer": "*",
                "shama/baton": "*"
            },
            "require-dev": {
                "composer/composer": "1.0.*@dev",
                "phpunit/phpunit": "4.1.*"
            },
            "type": "composer-plugin",
            "extra": {
                "class": "Composer\\Installers\\Plugin",
                "branch-alias": {
                    "dev-master": "1.0-dev"
                }
            },
            "autoload": {
                "psr-4": {
                    "Composer\\Installers\\": "src/Composer/Installers"
                }
            },
            "notification-url": "https://packagist.org/downloads/",
            "license": [
                "MIT"
            ],
            "authors": [
                {
                    "name": "Kyle Robinson Young",
                    "email": "kyle@dontkry.com",
                    "homepage": "https://github.com/shama"
                }
            ],
            "description": "A multi-framework Composer library installer",
            "homepage": "https://composer.github.io/installers/",
            "keywords": [
                "Craft",
                "Dolibarr",
                "Hurad",
                "ImageCMS",
                "MODX Evo",
                "Mautic",
                "OXID",
                "Plentymarkets",
                "RadPHP",
                "SMF",
                "Thelia",
                "WolfCMS",
                "agl",
                "aimeos",
                "annotatecms",
                "attogram",
                "bitrix",
                "cakephp",
                "chef",
                "cockpit",
                "codeigniter",
                "concrete5",
                "croogo",
                "dokuwiki",
                "drupal",
                "elgg",
                "expressionengine",
                "fuelphp",
                "grav",
                "installer",
                "joomla",
                "kohana",
                "laravel",
                "lithium",
                "magento",
                "mako",
                "mediawiki",
                "modulework",
                "moodle",
                "phpbb",
                "piwik",
                "ppi",
                "puppet",
                "reindex",
                "roundcube",
                "shopware",
                "silverstripe",
                "symfony",
                "typo3",
                "wordpress",
                "yawik",
                "zend",
                "zikula"
            ],
            "time": "2016-08-13T20:53:52+00:00"
        },
        {
            "name": "predis/predis",
            "version": "v1.1.x-dev",
            "source": {
                "type": "git",
                "url": "https://github.com/nrk/predis.git",
                "reference": "98ec0cc27efc1efab32b369962f97e29ecc0464a"
            },
            "dist": {
                "type": "zip",
                "url": "https://api.github.com/repos/nrk/predis/zipball/98ec0cc27efc1efab32b369962f97e29ecc0464a",
                "reference": "98ec0cc27efc1efab32b369962f97e29ecc0464a",
                "shasum": ""
            },
            "require": {
                "php": ">=5.3.9"
            },
            "require-dev": {
                "phpunit/phpunit": "~4.8"
            },
            "suggest": {
                "ext-curl": "Allows access to Webdis when paired with phpiredis",
                "ext-phpiredis": "Allows faster serialization and deserialization of the Redis protocol"
            },
            "type": "library",
            "autoload": {
                "psr-4": {
                    "Predis\\": "src/"
                }
            },
            "notification-url": "https://packagist.org/downloads/",
            "license": [
                "MIT"
            ],
            "authors": [
                {
                    "name": "Daniele Alessandri",
                    "email": "suppakilla@gmail.com",
                    "homepage": "http://clorophilla.net"
                }
            ],
            "description": "Flexible and feature-complete Redis client for PHP and HHVM",
            "homepage": "http://github.com/nrk/predis",
            "keywords": [
                "nosql",
                "predis",
                "redis"
            ],
            "time": "2016-11-22 14:32:30"
        },
        {
            "name": "splitice/event-trait",
            "version": "dev-master",
            "source": {
                "type": "git",
                "url": "https://github.com/splitice/php-event-trait.git",
                "reference": "e050a6d62a2a36728dcb8d7a8ec76d25fcefa145"
            },
            "dist": {
                "type": "zip",
                "url": "https://api.github.com/repos/splitice/php-event-trait/zipball/e050a6d62a2a36728dcb8d7a8ec76d25fcefa145",
                "reference": "e050a6d62a2a36728dcb8d7a8ec76d25fcefa145",
                "shasum": ""
            },
            "require": {
                "php": ">=5.4"
            },
            "require-dev": {
                "phpunit/phpunit": "3.7.*"
            },
            "type": "library",
            "autoload": {
                "psr-0": {
                    "Splitice": "src"
                }
            },
            "notification-url": "https://packagist.org/downloads/",
            "license": [
                "BSD"
            ],
            "keywords": [
                "private"
            ],
            "time": "2015-10-02 12:30:55"
        },
        {
            "name": "splitice/radical-basic",
            "version": "dev-master",
            "source": {
                "type": "git",
                "url": "https://github.com/splitice/radical-basic.git",
                "reference": "9dbd9212772f1168491413779a945baf3380482b"
            },
            "dist": {
                "type": "zip",
                "url": "https://api.github.com/repos/splitice/radical-basic/zipball/9dbd9212772f1168491413779a945baf3380482b",
                "reference": "9dbd9212772f1168491413779a945baf3380482b",
                "shasum": ""
            },
            "require": {
                "php": ">=5.4",
                "splitice/radical-common": "*"
            },
            "type": "library",
            "autoload": {
                "psr-0": {
                    "Radical": "src"
                }
            },
            "notification-url": "https://packagist.org/downloads/",
            "license": [
                "BSD"
            ],
            "description": "Basic radical-php functionality",
            "keywords": [
                "radical-php"
            ],
            "time": "2014-09-29 08:16:17"
        },
        {
            "name": "splitice/radical-cli",
            "version": "dev-master",
            "source": {
                "type": "git",
                "url": "https://github.com/splitice/radical-cli.git",
                "reference": "f0d243ecd51532f8f7bf6f908f969bc07a857c52"
            },
            "dist": {
                "type": "zip",
                "url": "https://api.github.com/repos/splitice/radical-cli/zipball/f0d243ecd51532f8f7bf6f908f969bc07a857c52",
                "reference": "f0d243ecd51532f8f7bf6f908f969bc07a857c52",
                "shasum": ""
            },
            "require": {
                "php": ">=5.4",
                "splitice/radical-basic": "dev-master",
                "splitice/radical-common": "dev-master"
            },
            "type": "library",
            "autoload": {
                "psr-0": {
                    "Radical": "src"
                }
            },
            "notification-url": "https://packagist.org/downloads/",
            "keywords": [
                "radical-php"
            ],
            "time": "2015-06-19 10:07:02"
        },
        {
            "name": "splitice/radical-common",
            "version": "dev-master",
            "source": {
                "type": "git",
                "url": "https://github.com/splitice/radical-common.git",
                "reference": "6a3ddba52c0c0272103567a724fe864c0c9f1386"
            },
            "dist": {
                "type": "zip",
                "url": "https://api.github.com/repos/splitice/radical-common/zipball/6a3ddba52c0c0272103567a724fe864c0c9f1386",
                "reference": "6a3ddba52c0c0272103567a724fe864c0c9f1386",
                "shasum": ""
            },
            "require": {
                "php": ">=5.4",
                "symfony/filesystem": "2.4.0"
            },
            "type": "library",
            "autoload": {
                "psr-0": {
                    "Radical": "src"
                }
            },
            "notification-url": "https://packagist.org/downloads/",
            "description": "radical-common",
            "keywords": [
                "radical-php"
            ],
            "time": "2016-08-11 03:59:54"
        },
        {
            "name": "splitice/radical-db",
            "version": "dev-master",
            "source": {
                "type": "git",
                "url": "https://github.com/splitice/radical-db.git",
                "reference": "c50ae012e166e067c4c36d1dbfad17a48ebc58a6"
            },
            "dist": {
                "type": "zip",
                "url": "https://api.github.com/repos/splitice/radical-db/zipball/c50ae012e166e067c4c36d1dbfad17a48ebc58a6",
                "reference": "c50ae012e166e067c4c36d1dbfad17a48ebc58a6",
                "shasum": ""
            },
            "require": {
                "php": ">=5.4",
                "splitice/event-trait": "*",
                "splitice/radical-basic": "*",
                "splitice/radical-common": "*",
                "splitice/radical-errorhandling": "*",
                "symfony/validator": "2.4.0",
                "unionofrad/lithium": "1.2.x-dev"
            },
            "type": "library",
            "autoload": {
                "psr-0": {
                    "Radical": "src"
                }
            },
            "notification-url": "https://packagist.org/downloads/",
            "keywords": [
                "radical-php"
            ],
            "time": "2016-12-29 10:50:22"
        },
        {
            "name": "splitice/radical-errorhandling",
            "version": "dev-master",
            "source": {
                "type": "git",
                "url": "https://github.com/splitice/radical-errorhandling.git",
                "reference": "7235d19565dfe56c61ce39934d23c5ab6f0f046f"
            },
            "dist": {
                "type": "zip",
                "url": "https://api.github.com/repos/splitice/radical-errorhandling/zipball/7235d19565dfe56c61ce39934d23c5ab6f0f046f",
                "reference": "7235d19565dfe56c61ce39934d23c5ab6f0f046f",
                "shasum": ""
            },
            "require": {
                "php": ">=5.4",
                "splitice/radical-common": "*"
            },
            "type": "library",
            "autoload": {
                "psr-0": {
                    "Radical": "src"
                }
            },
            "notification-url": "https://packagist.org/downloads/",
            "license": [
                "BSD"
            ],
            "description": "Error Handling for the Radical-PHP framework",
            "keywords": [
                "radical-php"
            ],
            "time": "2016-12-29 10:50:46"
        },
        {
            "name": "splitice/radical-file",
            "version": "dev-master",
            "source": {
                "type": "git",
                "url": "https://github.com/splitice/radical-file.git",
                "reference": "39d1fe3bccfaea2505a7dc9113c101802ba3b748"
            },
            "dist": {
                "type": "zip",
                "url": "https://api.github.com/repos/splitice/radical-file/zipball/39d1fe3bccfaea2505a7dc9113c101802ba3b748",
                "reference": "39d1fe3bccfaea2505a7dc9113c101802ba3b748",
                "shasum": ""
            },
            "require": {
                "php": ">=5.4",
                "splitice/radical-common": "dev-master"
            },
            "type": "library",
            "autoload": {
                "psr-0": {
                    "Radical": "src"
                }
            },
            "notification-url": "https://packagist.org/downloads/",
            "description": "radical-php",
            "keywords": [
                "radical-php"
            ],
            "time": "2014-04-21 02:42:34"
        },
        {
            "name": "splitice/radical-html",
            "version": "dev-master",
            "source": {
                "type": "git",
                "url": "https://github.com/splitice/radical-html.git",
                "reference": "2b19d73397a1738933fb8eaa2c8663ae9eab59d3"
            },
            "dist": {
                "type": "zip",
                "url": "https://api.github.com/repos/splitice/radical-html/zipball/2b19d73397a1738933fb8eaa2c8663ae9eab59d3",
                "reference": "2b19d73397a1738933fb8eaa2c8663ae9eab59d3",
                "shasum": ""
            },
            "require": {
                "php": ">=5.4"
            },
            "type": "library",
            "autoload": {
                "psr-0": {
                    "Radical": "src"
                }
            },
            "notification-url": "https://packagist.org/downloads/",
            "description": "radical-html",
            "keywords": [
                "radical-php"
            ],
            "time": "2014-04-19 02:59:54"
        },
        {
            "name": "splitice/radical-net",
            "version": "dev-master",
            "source": {
                "type": "git",
                "url": "https://github.com/splitice/radical-net.git",
                "reference": "e75d9b82a33cd2d55d78e548aa99afe88e448aa3"
            },
            "dist": {
                "type": "zip",
                "url": "https://api.github.com/repos/splitice/radical-net/zipball/e75d9b82a33cd2d55d78e548aa99afe88e448aa3",
                "reference": "e75d9b82a33cd2d55d78e548aa99afe88e448aa3",
                "shasum": ""
            },
            "require": {
                "php": ">=5.4",
                "splitice/radical-basic": "dev-master",
                "splitice/radical-common": "dev-master"
            },
            "type": "library",
            "autoload": {
                "psr-0": {
                    "Radical": "src"
                }
            },
            "notification-url": "https://packagist.org/downloads/",
            "description": "radical-net",
            "keywords": [
                "radical-php"
            ],
            "time": "2016-12-29 10:51:14"
        },
        {
            "name": "splitice/radical-web",
            "version": "dev-master",
            "source": {
                "type": "git",
                "url": "https://github.com/splitice/radical-web.git",
                "reference": "f7aa4cb42718f9445ce83b9897287737cb4c5e2d"
            },
            "dist": {
                "type": "zip",
                "url": "https://api.github.com/repos/splitice/radical-web/zipball/f7aa4cb42718f9445ce83b9897287737cb4c5e2d",
                "reference": "f7aa4cb42718f9445ce83b9897287737cb4c5e2d",
                "shasum": ""
            },
            "require": {
                "php": ">=5.4",
                "splitice/radical-basic": "dev-master",
                "splitice/radical-common": "dev-master",
                "splitice/radical-errorhandling": "dev-master",
                "splitice/radical-file": "dev-master",
                "splitice/radical-html": "dev-master",
                "splitice/radical-net": "dev-master"
            },
            "type": "library",
            "autoload": {
                "psr-0": {
                    "Radical": "src"
                }
            },
            "notification-url": "https://packagist.org/downloads/",
            "description": "radical-web",
            "keywords": [
                "radical-php"
            ],
            "time": "2016-12-29 10:52:09"
        },
        {
            "name": "splitice/radical-web-event",
            "version": "dev-master",
            "source": {
                "type": "git",
                "url": "https://github.com/splitice/radical-web-event.git",
                "reference": "b0b38559c61c5ee8b2922a819f7be86eb488b640"
            },
            "dist": {
                "type": "zip",
                "url": "https://api.github.com/repos/splitice/radical-web-event/zipball/b0b38559c61c5ee8b2922a819f7be86eb488b640",
                "reference": "b0b38559c61c5ee8b2922a819f7be86eb488b640",
                "shasum": ""
            },
            "require": {
                "php": ">=5.4",
                "predis/predis": "~1.0",
                "splitice/radical-cli": "dev-master",
                "splitice/radical-db": "dev-master",
                "splitice/radical-web": "dev-master",
                "splitice/resource-factory": "dev-master"
            },
            "type": "library",
            "autoload": {
                "psr-0": {
                    "Radical": "src"
                }
            },
            "notification-url": "https://packagist.org/downloads/",
            "description": "radical-php",
            "keywords": [
                "radical-php"
            ],
            "time": "2017-02-21 07:46:11"
        },
        {
            "name": "splitice/resource-factory",
            "version": "dev-master",
            "source": {
                "type": "git",
                "url": "https://github.com/splitice/php-resource-factory.git",
                "reference": "a5484f82fb5207f486381813d8ea5738dbdfc85c"
            },
            "dist": {
                "type": "zip",
                "url": "https://api.github.com/repos/splitice/php-resource-factory/zipball/a5484f82fb5207f486381813d8ea5738dbdfc85c",
                "reference": "a5484f82fb5207f486381813d8ea5738dbdfc85c",
                "shasum": ""
            },
            "require": {
                "php": ">=5.4"
            },
            "require-dev": {
                "phpunit/phpunit": "3.7.*"
            },
            "type": "library",
            "autoload": {
                "psr-0": {
                    "Splitice": "src"
                }
            },
            "notification-url": "https://packagist.org/downloads/",
            "license": [
                "MIT"
            ],
            "keywords": [
                "private"
            ],
            "time": "2015-07-28 10:09:29"
        },
        {
            "name": "symfony/filesystem",
            "version": "v2.4.0",
            "target-dir": "Symfony/Component/Filesystem",
            "source": {
                "type": "git",
                "url": "https://github.com/symfony/filesystem.git",
                "reference": "79acd777762e81d0f3414ca25a602deeeb48240d"
            },
            "dist": {
                "type": "zip",
                "url": "https://api.github.com/repos/symfony/filesystem/zipball/79acd777762e81d0f3414ca25a602deeeb48240d",
                "reference": "79acd777762e81d0f3414ca25a602deeeb48240d",
                "shasum": ""
            },
            "require": {
                "php": ">=5.3.3"
            },
            "type": "library",
            "extra": {
                "branch-alias": {
                    "dev-master": "2.4-dev"
                }
            },
            "autoload": {
                "psr-0": {
                    "Symfony\\Component\\Filesystem\\": ""
                }
            },
            "notification-url": "https://packagist.org/downloads/",
            "license": [
                "MIT"
            ],
            "authors": [
                {
                    "name": "Symfony Community",
                    "homepage": "http://symfony.com/contributors"
                },
                {
                    "name": "Fabien Potencier",
                    "email": "fabien@symfony.com"
                }
            ],
            "description": "Symfony Filesystem Component",
            "homepage": "http://symfony.com",
            "time": "2013-11-16T15:13:54+00:00"
        },
        {
            "name": "symfony/polyfill-mbstring",
            "version": "dev-master",
            "source": {
                "type": "git",
                "url": "https://github.com/symfony/polyfill-mbstring.git",
                "reference": "e79d363049d1c2128f133a2667e4f4190904f7f4"
            },
            "dist": {
                "type": "zip",
                "url": "https://api.github.com/repos/symfony/polyfill-mbstring/zipball/e79d363049d1c2128f133a2667e4f4190904f7f4",
                "reference": "e79d363049d1c2128f133a2667e4f4190904f7f4",
                "shasum": ""
            },
            "require": {
                "php": ">=5.3.3"
            },
            "suggest": {
                "ext-mbstring": "For best performance"
            },
            "type": "library",
            "extra": {
                "branch-alias": {
                    "dev-master": "1.3-dev"
                }
            },
            "autoload": {
                "psr-4": {
                    "Symfony\\Polyfill\\Mbstring\\": ""
                },
                "files": [
                    "bootstrap.php"
                ]
            },
            "notification-url": "https://packagist.org/downloads/",
            "license": [
                "MIT"
            ],
            "authors": [
                {
                    "name": "Nicolas Grekas",
                    "email": "p@tchwork.com"
                },
                {
                    "name": "Symfony Community",
                    "homepage": "https://symfony.com/contributors"
                }
            ],
            "description": "Symfony polyfill for the Mbstring extension",
            "homepage": "https://symfony.com",
            "keywords": [
                "compatibility",
                "mbstring",
                "polyfill",
                "portable",
                "shim"
            ],
            "time": "2016-11-14 01:06:16"
        },
        {
            "name": "symfony/property-access",
            "version": "2.8.x-dev",
            "source": {
                "type": "git",
                "url": "https://github.com/symfony/property-access.git",
                "reference": "820b71d9384a66f92ef968f82af871dc76debedb"
            },
            "dist": {
                "type": "zip",
                "url": "https://api.github.com/repos/symfony/property-access/zipball/820b71d9384a66f92ef968f82af871dc76debedb",
                "reference": "820b71d9384a66f92ef968f82af871dc76debedb",
                "shasum": ""
            },
            "require": {
                "php": ">=5.3.9"
            },
            "type": "library",
            "extra": {
                "branch-alias": {
                    "dev-master": "2.8-dev"
                }
            },
            "autoload": {
                "psr-4": {
                    "Symfony\\Component\\PropertyAccess\\": ""
                },
                "exclude-from-classmap": [
                    "/Tests/"
                ]
            },
            "notification-url": "https://packagist.org/downloads/",
            "license": [
                "MIT"
            ],
            "authors": [
                {
                    "name": "Fabien Potencier",
                    "email": "fabien@symfony.com"
                },
                {
                    "name": "Symfony Community",
                    "homepage": "https://symfony.com/contributors"
                }
            ],
            "description": "Symfony PropertyAccess Component",
            "homepage": "https://symfony.com",
            "keywords": [
                "access",
                "array",
                "extraction",
                "index",
                "injection",
                "object",
                "property",
                "property path",
                "reflection"
            ],
            "time": "2017-02-18 17:06:33"
        },
        {
            "name": "symfony/translation",
            "version": "2.8.x-dev",
            "source": {
                "type": "git",
                "url": "https://github.com/symfony/translation.git",
                "reference": "2463176ad3b03a03af5c23f1f4422c37f22457db"
            },
            "dist": {
                "type": "zip",
                "url": "https://api.github.com/repos/symfony/translation/zipball/2463176ad3b03a03af5c23f1f4422c37f22457db",
                "reference": "2463176ad3b03a03af5c23f1f4422c37f22457db",
                "shasum": ""
            },
            "require": {
                "php": ">=5.3.9",
                "symfony/polyfill-mbstring": "~1.0"
            },
            "conflict": {
                "symfony/config": "<2.7"
            },
            "require-dev": {
                "psr/log": "~1.0",
                "symfony/config": "~2.8",
                "symfony/intl": "~2.4|~3.0.0",
                "symfony/yaml": "~2.2|~3.0.0"
            },
            "suggest": {
                "psr/log": "To use logging capability in translator",
                "symfony/config": "",
                "symfony/yaml": ""
            },
            "type": "library",
            "extra": {
                "branch-alias": {
                    "dev-master": "2.8-dev"
                }
            },
            "autoload": {
                "psr-4": {
                    "Symfony\\Component\\Translation\\": ""
                },
                "exclude-from-classmap": [
                    "/Tests/"
                ]
            },
            "notification-url": "https://packagist.org/downloads/",
            "license": [
                "MIT"
            ],
            "authors": [
                {
                    "name": "Fabien Potencier",
                    "email": "fabien@symfony.com"
                },
                {
                    "name": "Symfony Community",
                    "homepage": "https://symfony.com/contributors"
                }
            ],
            "description": "Symfony Translation Component",
            "homepage": "https://symfony.com",
            "time": "2017-02-20 12:35:43"
        },
        {
            "name": "symfony/validator",
            "version": "v2.4.0",
            "target-dir": "Symfony/Component/Validator",
            "source": {
                "type": "git",
                "url": "https://github.com/symfony/Validator.git",
                "reference": "12d1f1e64a43ce9cc35151ca89dae1ae8882d991"
            },
            "dist": {
                "type": "zip",
                "url": "https://api.github.com/repos/symfony/Validator/zipball/12d1f1e64a43ce9cc35151ca89dae1ae8882d991",
                "reference": "12d1f1e64a43ce9cc35151ca89dae1ae8882d991",
                "shasum": ""
            },
            "require": {
                "php": ">=5.3.3",
                "symfony/property-access": "~2.2",
                "symfony/translation": "~2.0"
            },
            "require-dev": {
                "doctrine/annotations": "~1.0",
                "doctrine/cache": "~1.0",
                "symfony/config": "~2.2",
                "symfony/http-foundation": "~2.1",
                "symfony/intl": "~2.3",
                "symfony/yaml": "~2.0"
            },
            "suggest": {
                "doctrine/annotations": "For using the annotation mapping. You will also need doctrine/cache.",
                "doctrine/cache": "For using the default cached annotation reader",
                "symfony/config": "",
                "symfony/http-foundation": "",
                "symfony/intl": "",
                "symfony/yaml": ""
            },
            "type": "library",
            "extra": {
                "branch-alias": {
                    "dev-master": "2.4-dev"
                }
            },
            "autoload": {
                "psr-0": {
                    "Symfony\\Component\\Validator\\": ""
                }
            },
            "notification-url": "https://packagist.org/downloads/",
            "license": [
                "MIT"
            ],
            "authors": [
                {
                    "name": "Fabien Potencier",
                    "email": "fabien@symfony.com",
                    "homepage": "http://fabien.potencier.org",
                    "role": "Lead Developer"
                },
                {
                    "name": "Symfony Community",
                    "homepage": "http://symfony.com/contributors"
                }
            ],
            "description": "Symfony Validator Component",
            "homepage": "http://symfony.com",
            "time": "2013-11-28T10:27:26+00:00"
        },
        {
            "name": "unionofrad/lithium",
            "version": "1.2.x-dev",
            "source": {
                "type": "git",
                "url": "https://github.com/UnionOfRAD/lithium.git",
                "reference": "5e894ca64a07d03ad1f09230875b621d04405a21"
            },
            "dist": {
                "type": "zip",
                "url": "https://api.github.com/repos/UnionOfRAD/lithium/zipball/5e894ca64a07d03ad1f09230875b621d04405a21",
                "reference": "5e894ca64a07d03ad1f09230875b621d04405a21",
                "shasum": ""
            },
            "require": {
                "composer/installers": "1.*",
                "php": ">=5.5.14"
            },
            "require-dev": {
                "unionofrad/li3_fixtures": "1.0.*"
            },
            "bin": [
                "console/li3"
            ],
            "type": "lithium-library",
            "notification-url": "https://packagist.org/downloads/",
            "license": [
                "BSD-3-Clause"
            ],
            "authors": [
                {
                    "name": "Union of RAD"
                },
                {
                    "name": "The Community"
                }
            ],
            "description": "The core library of the Lithium PHP framework",
            "homepage": "http://li3.me",
            "keywords": [
                "framework",
                "li3",
                "lithium"
            ],
            "time": "2016-12-01 16:55:39"
        }
    ],
    "packages-dev": [],
    "aliases": [],
    "minimum-stability": "dev",
    "stability-flags": {
        "splitice/radical-web": 20,
        "splitice/radical-web-event": 20,
        "splitice/radical-db": 20
    },
    "prefer-stable": false,
    "prefer-lowest": false,
    "platform": {
        "php": ">=5.4"
    },
    "platform-dev": []
}
